
Microsoft Visual Studio Solution File, Format Version 12.00
# Visual Studio Version 17
VisualStudioVersion = 17.9.34622.214
MinimumVisualStudioVersion = 10.0.40219.1
Project("{9A19103F-16F7-4668-BE54-9A1E7A4F7556}") = "Entities", "Entities\Entities.csproj", "{6957BDC3-B480-4C3A-9055-C29CA6C70095}"
EndProject
Project("{9A19103F-16F7-4668-BE54-9A1E7A4F7556}") = "DataAccess", "DataAccess\DataAccess.csproj", "{57823B27-3780-4710-BA32-E843670DDC34}"
EndProject
Project("{9A19103F-16F7-4668-BE54-9A1E7A4F7556}") = "Business", "Business\Business.csproj", "{6056D942-08B8-436D-B6F9-236994AA8372}"
EndProject
Project("{9A19103F-16F7-4668-BE54-9A1E7A4F7556}") = "Core", "Core\Core.csproj", "{6902C79C-EEDE-4A1A-9187-EA90DFDA9DDE}"
EndProject
Project("{9A19103F-16F7-4668-BE54-9A1E7A4F7556}") = "ECommerceAPI", "ECommerceAPI\ECommerceAPI.csproj", "{5FDB7873-2A85-41A7-92AE-831123AB2FE8}"
EndProject
Global
	GlobalSection(SolutionConfigurationPlatforms) = preSolution
		Debug|Any CPU = Debug|Any CPU
		Release|Any CPU = Release|Any CPU
	EndGlobalSection
	GlobalSection(ProjectConfigurationPlatforms) = postSolution
		{6957BDC3-B480-4C3A-9055-C29CA6C70095}.Debug|Any CPU.ActiveCfg = Debug|Any CPU
		{6957BDC3-B480-4C3A-9055-C29CA6C70095}.Debug|Any CPU.Build.0 = Debug|Any CPU
		{6957BDC3-B480-4C3A-9055-C29CA6C70095}.Release|Any CPU.ActiveCfg = Release|Any CPU
		{6957BDC3-B480-4C3A-9055-C29CA6C70095}.Release|Any CPU.Build.0 = Release|Any CPU
		{57823B27-3780-4710-BA32-E843670DDC34}.Debug|Any CPU.ActiveCfg = Debug|Any CPU
		{57823B27-3780-4710-BA32-E843670DDC34}.Debug|Any CPU.Build.0 = Debug|Any CPU
		{57823B27-3780-4710-BA32-E843670DDC34}.Release|Any CPU.ActiveCfg = Release|Any CPU
		{57823B27-3780-4710-BA32-E843670DDC34}.Release|Any CPU.Build.0 = Release|Any CPU
		{6056D942-08B8-436D-B6F9-236994AA8372}.Debug|Any CPU.ActiveCfg = Debug|Any CPU
		{6056D942-08B8-436D-B6F9-236994AA8372}.Debug|Any CPU.Build.0 = Debug|Any CPU
		{6056D942-08B8-436D-B6F9-236994AA8372}.Release|Any CPU.ActiveCfg = Release|Any CPU
		{6056D942-08B8-436D-B6F9-236994AA8372}.Release|Any CPU.Build.0 = Release|Any CPU
		{6902C79C-EEDE-4A1A-9187-EA90DFDA9DDE}.Debug|Any CPU.ActiveCfg = Debug|Any CPU
		{6902C79C-EEDE-4A1A-9187-EA90DFDA9DDE}.Debug|Any CPU.Build.0 = Debug|Any CPU
		{6902C79C-EEDE-4A1A-9187-EA90DFDA9DDE}.Release|Any CPU.ActiveCfg = Release|Any CPU
		{6902C79C-EEDE-4A1A-9187-EA90DFDA9DDE}.Release|Any CPU.Build.0 = Release|Any CPU
		{5FDB7873-2A85-41A7-92AE-831123AB2FE8}.Debug|Any CPU.ActiveCfg = Debug|Any CPU
		{5FDB7873-2A85-41A7-92AE-831123AB2FE8}.Debug|Any CPU.Build.0 = Debug|Any CPU
		{5FDB7873-2A85-41A7-92AE-831123AB2FE8}.Release|Any CPU.ActiveCfg = Release|Any CPU
		{5FDB7873-2A85-41A7-92AE-831123AB2FE8}.Release|Any CPU.Build.0 = Release|Any CPU
	EndGlobalSection
	GlobalSection(SolutionProperties) = preSolution
		HideSolutionNode = FALSE
	EndGlobalSection
	GlobalSection(ExtensibilityGlobals) = postSolution
		SolutionGuid = {D5ABC9AA-6BCC-44DD-8536-AF208D3194CD}
	EndGlobalSection
EndGlobal
